
Microsoft Visual Studio Solution File, Format Version 12.00
# Visual Studio Version 17
VisualStudioVersion = 17.8.34330.188
MinimumVisualStudioVersion = 10.0.40219.1
Project("{FAE04EC0-301F-11D3-BF4B-00C04F79EFBC}") = "proyecto-dummy", "proyecto-dummy.csproj", "{E79BC895-B467-48DD-869C-040372267BCF}"
EndProject
Global
	GlobalSection(SolutionConfigurationPlatforms) = preSolution
		Debug|Any CPU = Debug|Any CPU
		Release|Any CPU = Release|Any CPU
	EndGlobalSection
	GlobalSection(ProjectConfigurationPlatforms) = postSolution
		{E79BC895-B467-48DD-869C-040372267BCF}.Debug|Any CPU.ActiveCfg = Debug|Any CPU
		{E79BC895-B467-48DD-869C-040372267BCF}.Debug|Any CPU.Build.0 = Debug|Any CPU
		{E79BC895-B467-48DD-869C-040372267BCF}.Debug|Any CPU.Deploy.0 = Debug|Any CPU
		{E79BC895-B467-48DD-869C-040372267BCF}.Release|Any CPU.ActiveCfg = Release|Any CPU
		{E79BC895-B467-48DD-869C-040372267BCF}.Release|Any CPU.Build.0 = Release|Any CPU
		{E79BC895-B467-48DD-869C-040372267BCF}.Release|Any CPU.Deploy.0 = Release|Any CPU
	EndGlobalSection
	GlobalSection(SolutionProperties) = preSolution
		HideSolutionNode = FALSE
	EndGlobalSection
	GlobalSection(ExtensibilityGlobals) = postSolution
		SolutionGuid = {74CFA9C7-1906-4137-A6BE-531A77B7E35E}
	EndGlobalSection
EndGlobal
